PODS:
  - CPLKeyboardManager (1.0.0)
  - Nimble (6.1.0)
  - Quick (1.1.0)

DEPENDENCIES:
  - CPLKeyboardManager (from `../`)
  - Nimble (~> 6.1.0)
  - Quick (~> 1.1.0)

EXTERNAL SOURCES:
  CPLKeyboardManager:
    :path: ../

SPEC CHECKSUMS:
  CPLKeyboardManager: 8adcf1d824dbd01c9fc8108fb6fe036f927416f6
  Nimble: c53e6903fee94041b90ded74f135820437d8bf59
  Quick: dafc587e21eed9f4cab3249b9f9015b0b7a7f71d

PODFILE CHECKSUM: 5cc60512a34cf807463b3619d917408e80576934

COCOAPODS: 1.1.1
